
Microsoft Visual Studio Solution File, Format Version 12.00
# Visual Studio Version 16
VisualStudioVersion = 16.0.30717.126
MinimumVisualStudioVersion = 10.0.40219.1
Project("{2150E333-8FDC-42A3-9474-1A3956D46DE8}") = "Src", "Src", "{D75B4499-3E4B-40A4-A991-FA9F9459E8B8}"
EndProject
Project("{FAE04EC0-301F-11D3-BF4B-00C04F79EFBC}") = "Serialization", "Serialization\Serialization.csproj", "{3B348A6A-2264-46A8-BE0A-4605AB3A85A0}"
EndProject
Global
	GlobalSection(SolutionConfigurationPlatforms) = preSolution
		Debug|Any CPU = Debug|Any CPU
		Release|Any CPU = Release|Any CPU
	EndGlobalSection
	GlobalSection(ProjectConfigurationPlatforms) = postSolution
		{3B348A6A-2264-46A8-BE0A-4605AB3A85A0}.Debug|Any CPU.ActiveCfg = Debug|Any CPU
		{3B348A6A-2264-46A8-BE0A-4605AB3A85A0}.Debug|Any CPU.Build.0 = Debug|Any CPU
		{3B348A6A-2264-46A8-BE0A-4605AB3A85A0}.Release|Any CPU.ActiveCfg = Release|Any CPU
		{3B348A6A-2264-46A8-BE0A-4605AB3A85A0}.Release|Any CPU.Build.0 = Release|Any CPU
	EndGlobalSection
	GlobalSection(SolutionProperties) = preSolution
		HideSolutionNode = FALSE
	EndGlobalSection
	GlobalSection(NestedProjects) = preSolution
		{3B348A6A-2264-46A8-BE0A-4605AB3A85A0} = {D75B4499-3E4B-40A4-A991-FA9F9459E8B8}
	EndGlobalSection
	GlobalSection(ExtensibilityGlobals) = postSolution
		SolutionGuid = {C26A6EB1-C34B-4CF0-8A6B-7696D191F33C}
	EndGlobalSection
EndGlobal
